// !$*UTF8*$!
{
	archiveVersion = 1;
	classes = {
	};
	objectVersion = 46;
	objects = {

/* Begin PBXBuildFile section */
		677E74421E5CDDA2005C4310 /* kXMPP.swift in Sources */ = {isa = PBXBuildFile; fileRef = 677E743A1E5CDDA2005C4310 /* kXMPP.swift */; };
		677E74431E5CDDA2005C4310 /* OneChat.swift in Sources */ = {isa = PBXBuildFile; fileRef = 677E743B1E5CDDA2005C4310 /* OneChat.swift */; };
		677E74441E5CDDA2005C4310 /* OneChats.swift in Sources */ = {isa = PBXBuildFile; fileRef = 677E743C1E5CDDA2005C4310 /* OneChats.swift */; };
		677E74451E5CDDA2005C4310 /* OneLastActivity.swift in Sources */ = {isa = PBXBuildFile; fileRef = 677E743D1E5CDDA2005C4310 /* OneLastActivity.swift */; };
		677E74461E5CDDA2005C4310 /* OneMessage.swift in Sources */ = {isa = PBXBuildFile; fileRef = 677E743E1E5CDDA2005C4310 /* OneMessage.swift */; };
		677E74471E5CDDA2005C4310 /* OnePresence.swift in Sources */ = {isa = PBXBuildFile; fileRef = 677E743F1E5CDDA2005C4310 /* OnePresence.swift */; };
		677E74481E5CDDA2005C4310 /* OneRoom.swift in Sources */ = {isa = PBXBuildFile; fileRef = 677E74401E5CDDA2005C4310 /* OneRoom.swift */; };
		677E74491E5CDDA2005C4310 /* OneRoster.swift in Sources */ = {isa = PBXBuildFile; fileRef = 677E74411E5CDDA2005C4310 /* OneRoster.swift */; };
		B5F9A8C2180221D187D23228 /* Pods_XMPP_Messenger_iOS.framework in Frameworks */ = {isa = PBXBuildFile; fileRef = CC5F018C447C43B35CECEDBB /* Pods_XMPP_Messenger_iOS.framework */; };
		DA6B54091B9F15B1006E84AF /* AppDelegate.swift in Sources */ = {isa = PBXBuildFile; fileRef = DA6B54081B9F15B1006E84AF /* AppDelegate.swift */; };
		DA6B540E1B9F15B1006E84AF /* Main.storyboard in Resources */ = {isa = PBXBuildFile; fileRef = DA6B540C1B9F15B1006E84AF /* Main.storyboard */; };
		DA6B54101B9F15B1006E84AF /* Assets.xcassets in Resources */ = {isa = PBXBuildFile; fileRef = DA6B540F1B9F15B1006E84AF /* Assets.xcassets */; };
		DA6B54241B9F17B4006E84AF /* ChatViewController.swift in Sources */ = {isa = PBXBuildFile; fileRef = DA6B541A1B9F17B4006E84AF /* ChatViewController.swift */; };
		DA6B542C1B9F17B4006E84AF /* OpenChatsTableViewController.swift in Sources */ = {isa = PBXBuildFile; fileRef = DA6B54221B9F17B4006E84AF /* OpenChatsTableViewController.swift */; };
		DA6B542D1B9F17B4006E84AF /* SettingsViewController.swift in Sources */ = {isa = PBXBuildFile; fileRef = DA6B54231B9F17B4006E84AF /* SettingsViewController.swift */; };
		DA6B542F1B9F17CF006E84AF /* ContactListTableViewController.swift in Sources */ = {isa = PBXBuildFile; fileRef = DA6B542E1B9F17CF006E84AF /* ContactListTableViewController.swift */; };
		DA6B54331B9F2D86006E84AF /* CoreData.framework in Frameworks */ = {isa = PBXBuildFile; fileRef = DA6B54321B9F2D86006E84AF /* CoreData.framework */; };
/* End PBXBuildFile section */

/* Begin PBXFileReference section */
		54D1DCEAFDABC53B3FE886B8 /* Pods-XMPP-Messenger-iOS.debug.xcconfig */ = {isa = PBXFileReference; includeInIndex = 1; lastKnownFileType = text.xcconfig; name = "Pods-XMPP-Messenger-iOS.debug.xcconfig"; path = "Pods/Target Support Files/Pods-XMPP-Messenger-iOS/Pods-XMPP-Messenger-iOS.debug.xcconfig"; sourceTree = "<group>"; };
		677E743A1E5CDDA2005C4310 /* kXMPP.swift */ = {isa = PBXFileReference; fileEncoding = 4; lastKnownFileType = sourcecode.swift; path = kXMPP.swift; sourceTree = "<group>"; };
		677E743B1E5CDDA2005C4310 /* OneChat.swift */ = {isa = PBXFileReference; fileEncoding = 4; lastKnownFileType = sourcecode.swift; path = OneChat.swift; sourceTree = "<group>"; };
		677E743C1E5CDDA2005C4310 /* OneChats.swift */ = {isa = PBXFileReference; fileEncoding = 4; lastKnownFileType = sourcecode.swift; path = OneChats.swift; sourceTree = "<group>"; };
		677E743D1E5CDDA2005C4310 /* OneLastActivity.swift */ = {isa = PBXFileReference; fileEncoding = 4; lastKnownFileType = sourcecode.swift; path = OneLastActivity.swift; sourceTree = "<group>"; };
		677E743E1E5CDDA2005C4310 /* OneMessage.swift */ = {isa = PBXFileReference; fileEncoding = 4; lastKnownFileType = sourcecode.swift; path = OneMessage.swift; sourceTree = "<group>"; };
		677E743F1E5CDDA2005C4310 /* OnePresence.swift */ = {isa = PBXFileReference; fileEncoding = 4; lastKnownFileType = sourcecode.swift; path = OnePresence.swift; sourceTree = "<group>"; };
		677E74401E5CDDA2005C4310 /* OneRoom.swift */ = {isa = PBXFileReference; fileEncoding = 4; lastKnownFileType = sourcecode.swift; path = OneRoom.swift; sourceTree = "<group>"; };
		677E74411E5CDDA2005C4310 /* OneRoster.swift */ = {isa = PBXFileReference; fileEncoding = 4; lastKnownFileType = sourcecode.swift; path = OneRoster.swift; sourceTree = "<group>"; };
		8906A7C45AD50C7CABD43C97 /* Pods-XMPP-Messenger-iOS.release.xcconfig */ = {isa = PBXFileReference; includeInIndex = 1; lastKnownFileType = text.xcconfig; name = "Pods-XMPP-Messenger-iOS.release.xcconfig"; path = "Pods/Target Support Files/Pods-XMPP-Messenger-iOS/Pods-XMPP-Messenger-iOS.release.xcconfig"; sourceTree = "<group>"; };
		CC5F018C447C43B35CECEDBB /* Pods_XMPP_Messenger_iOS.framework */ = {isa = PBXFileReference; explicitFileType = wrapper.framework; includeInIndex = 0; path = Pods_XMPP_Messenger_iOS.framework; sourceTree = BUILT_PRODUCTS_DIR; };
		DA6B54051B9F15B1006E84AF /* XMPP-Messenger-iOS.app */ = {isa = PBXFileReference; explicitFileType = wrapper.application; includeInIndex = 0; path = "XMPP-Messenger-iOS.app"; sourceTree = BUILT_PRODUCTS_DIR; };
		DA6B54081B9F15B1006E84AF /* AppDelegate.swift */ = {isa = PBXFileReference; lastKnownFileType = sourcecode.swift; path = AppDelegate.swift; sourceTree = "<group>"; };
		DA6B540D1B9F15B1006E84AF /* Base */ = {isa = PBXFileReference; lastKnownFileType = file.storyboard; name = Base; path = Base.lproj/Main.storyboard; sourceTree = "<group>"; };
		DA6B540F1B9F15B1006E84AF /* Assets.xcassets */ = {isa = PBXFileReference; lastKnownFileType = folder.assetcatalog; path = Assets.xcassets; sourceTree = "<group>"; };
		DA6B54141B9F15B1006E84AF /* Info.plist */ = {isa = PBXFileReference; lastKnownFileType = text.plist.xml; path = Info.plist; sourceTree = "<group>"; };
		DA6B541A1B9F17B4006E84AF /* ChatViewController.swift */ = {isa = PBXFileReference; fileEncoding = 4; lastKnownFileType = sourcecode.swift; path = ChatViewController.swift; sourceTree = "<group>"; };
		DA6B54221B9F17B4006E84AF /* OpenChatsTableViewController.swift */ = {isa = PBXFileReference; fileEncoding = 4; lastKnownFileType = sourcecode.swift; path = OpenChatsTableViewController.swift; sourceTree = "<group>"; };
		DA6B54231B9F17B4006E84AF /* SettingsViewController.swift */ = {isa = PBXFileReference; fileEncoding = 4; lastKnownFileType = sourcecode.swift; path = SettingsViewController.swift; sourceTree = "<group>"; };
		DA6B542E1B9F17CF006E84AF /* ContactListTableViewController.swift */ = {isa = PBXFileReference; fileEncoding = 4; lastKnownFileType = sourcecode.swift; path = ContactListTableViewController.swift; sourceTree = "<group>"; };
		DA6B54321B9F2D86006E84AF /* CoreData.framework */ = {isa = PBXFileReference; lastKnownFileType = wrapper.framework; name = CoreData.framework; path = System/Library/Frameworks/CoreData.framework; sourceTree = SDKROOT; };
/* End PBXFileReference section */

/* Begin PBXFrameworksBuildPhase section */
		DA6B54021B9F15B1006E84AF /* Frameworks */ = {
			isa = PBXFrameworksBuildPhase;
			buildActionMask = 2147483647;
			files = (
				DA6B54331B9F2D86006E84AF /* CoreData.framework in Frameworks */,
				B5F9A8C2180221D187D23228 /* Pods_XMPP_Messenger_iOS.framework in Frameworks */,
			);
			runOnlyForDeploymentPostprocessing = 0;
		};
/* End PBXFrameworksBuildPhase section */

/* Begin PBXGroup section */
		677E74391E5CDD98005C4310 /* Library */ = {
			isa = PBXGroup;
			children = (
				677E743A1E5CDDA2005C4310 /* kXMPP.swift */,
				677E743B1E5CDDA2005C4310 /* OneChat.swift */,
				677E743C1E5CDDA2005C4310 /* OneChats.swift */,
				677E743D1E5CDDA2005C4310 /* OneLastActivity.swift */,
				677E743E1E5CDDA2005C4310 /* OneMessage.swift */,
				677E743F1E5CDDA2005C4310 /* OnePresence.swift */,
				677E74401E5CDDA2005C4310 /* OneRoom.swift */,
				677E74411E5CDDA2005C4310 /* OneRoster.swift */,
			);
			name = Library;
			sourceTree = "<group>";
		};
		849A627B95587B398E841CD1 /* Frameworks */ = {
			isa = PBXGroup;
			children = (
				DA6B54321B9F2D86006E84AF /* CoreData.framework */,
				CC5F018C447C43B35CECEDBB /* Pods_XMPP_Messenger_iOS.framework */,
			);
			name = Frameworks;
			sourceTree = "<group>";
		};
		DA6B53FC1B9F15B1006E84AF = {
			isa = PBXGroup;
			children = (
				DA6B54071B9F15B1006E84AF /* XMPP-Messenger-iOS */,
				DA6B54061B9F15B1006E84AF /* Products */,
				849A627B95587B398E841CD1 /* Frameworks */,
				F8D40A0E14AFBE6462AA9088 /* Pods */,
			);
			sourceTree = "<group>";
		};
		DA6B54061B9F15B1006E84AF /* Products */ = {
			isa = PBXGroup;
			children = (
				DA6B54051B9F15B1006E84AF /* XMPP-Messenger-iOS.app */,
			);
			name = Products;
			sourceTree = "<group>";
		};
		DA6B54071B9F15B1006E84AF /* XMPP-Messenger-iOS */ = {
			isa = PBXGroup;
			children = (
				677E74391E5CDD98005C4310 /* Library */,
				DA6B54311B9F1A52006E84AF /* Classes */,
				DA6B540C1B9F15B1006E84AF /* Main.storyboard */,
				DA6B540F1B9F15B1006E84AF /* Assets.xcassets */,
				DA6B54141B9F15B1006E84AF /* Info.plist */,
			);
			path = "XMPP-Messenger-iOS";
			sourceTree = "<group>";
		};
		DA6B54311B9F1A52006E84AF /* Classes */ = {
			isa = PBXGroup;
			children = (
				DA6B54081B9F15B1006E84AF /* AppDelegate.swift */,
				DA6B541A1B9F17B4006E84AF /* ChatViewController.swift */,
				DA6B54221B9F17B4006E84AF /* OpenChatsTableViewController.swift */,
				DA6B542E1B9F17CF006E84AF /* ContactListTableViewController.swift */,
				DA6B54231B9F17B4006E84AF /* SettingsViewController.swift */,
			);
			name = Classes;
			sourceTree = "<group>";
		};
		F8D40A0E14AFBE6462AA9088 /* Pods */ = {
			isa = PBXGroup;
			children = (
				54D1DCEAFDABC53B3FE886B8 /* Pods-XMPP-Messenger-iOS.debug.xcconfig */,
				8906A7C45AD50C7CABD43C97 /* Pods-XMPP-Messenger-iOS.release.xcconfig */,
			);
			name = Pods;
			sourceTree = "<group>";
		};
/* End PBXGroup section */

/* Begin PBXNativeTarget section */
		DA6B54041B9F15B1006E84AF /* XMPP-Messenger-iOS */ = {
			isa = PBXNativeTarget;
			buildConfigurationList = DA6B54171B9F15B1006E84AF /* Build configuration list for PBXNativeTarget "XMPP-Messenger-iOS" */;
			buildPhases = (
				4C63956D9DDC08749155BAF4 /* [CP] Check Pods Manifest.lock */,
				DA6B54011B9F15B1006E84AF /* Sources */,
				DA6B54021B9F15B1006E84AF /* Frameworks */,
				DA6B54031B9F15B1006E84AF /* Resources */,
				1A81EED4FA5BC4A02972EB3F /* [CP] Embed Pods Frameworks */,
				7CE5827682A13957BF8E848B /* [CP] Copy Pods Resources */,
			);
			buildRules = (
			);
			dependencies = (
			);
			name = "XMPP-Messenger-iOS";
			productName = "XMPP-Messenger-iOS";
			productReference = DA6B54051B9F15B1006E84AF /* XMPP-Messenger-iOS.app */;
			productType = "com.apple.product-type.application";
		};
/* End PBXNativeTarget section */

/* Begin PBXProject section */
		DA6B53FD1B9F15B1006E84AF /* Project object */ = {
			isa = PBXProject;
			attributes = {
				LastUpgradeCheck = 0820;
				ORGANIZATIONNAME = ProcessOne;
				TargetAttributes = {
					DA6B54041B9F15B1006E84AF = {
						CreatedOnToolsVersion = 7.0;
						DevelopmentTeam = BJ8T457226;
						LastSwiftMigration = 0820;
					};
				};
			};
			buildConfigurationList = DA6B54001B9F15B1006E84AF /* Build configuration list for PBXProject "xmpp-messenger-ios" */;
			compatibilityVersion = "Xcode 3.2";
			developmentRegion = English;
			hasScannedForEncodings = 0;
			knownRegions = (
				en,
				Base,
			);
			mainGroup = DA6B53FC1B9F15B1006E84AF;
			productRefGroup = DA6B54061B9F15B1006E84AF /* Products */;
			projectDirPath = "";
			projectRoot = "";
			targets = (
				DA6B54041B9F15B1006E84AF /* XMPP-Messenger-iOS */,
			);
		};
/* End PBXProject section */

/* Begin PBXResourcesBuildPhase section */
		DA6B54031B9F15B1006E84AF /* Resources */ = {
			isa = PBXResourcesBuildPhase;
			buildActionMask = 2147483647;
			files = (
				DA6B54101B9F15B1006E84AF /* Assets.xcassets in Resources */,
				DA6B540E1B9F15B1006E84AF /* Main.storyboard in Resources */,
			);
			runOnlyForDeploymentPostprocessing = 0;
		};
/* End PBXResourcesBuildPhase section */

/* Begin PBXShellScriptBuildPhase section */
		1A81EED4FA5BC4A02972EB3F /* [CP] Embed Pods Frameworks */ = {
			isa = PBXShellScriptBuildPhase;
			buildActionMask = 2147483647;
			files = (
			);
			inputPaths = (
			);
			name = "[CP] Embed Pods Frameworks";
			outputPaths = (
			);
			runOnlyForDeploymentPostprocessing = 0;
			shellPath = /bin/sh;
			shellScript = "\"${SRCROOT}/Pods/Target Support Files/Pods-XMPP-Messenger-iOS/Pods-XMPP-Messenger-iOS-frameworks.sh\"\n";
			showEnvVarsInLog = 0;
		};
		4C63956D9DDC08749155BAF4 /* [CP] Check Pods Manifest.lock */ = {
			isa = PBXShellScriptBuildPhase;
			buildActionMask = 2147483647;
			files = (
			);
			inputPaths = (
			);
			name = "[CP] Check Pods Manifest.lock";
			outputPaths = (
			);
			runOnlyForDeploymentPostprocessing = 0;
			shellPath = /bin/sh;
			shellScript = "diff \"${PODS_ROOT}/../Podfile.lock\" \"${PODS_ROOT}/Manifest.lock\" > /dev/null\nif [ $? != 0 ] ; then\n    # print error to STDERR\n    echo \"error: The sandbox is not in sync with the Podfile.lock. Run 'pod install' or update your CocoaPods installation.\" >&2\n    exit 1\nfi\n";
			showEnvVarsInLog = 0;
		};
		7CE5827682A13957BF8E848B /* [CP] Copy Pods Resources */ = {
			isa = PBXShellScriptBuildPhase;
			buildActionMask = 2147483647;
			files = (
			);
			inputPaths = (
			);
			name = "[CP] Copy Pods Resources";
			outputPaths = (
			);
			runOnlyForDeploymentPostprocessing = 0;
			shellPath = /bin/sh;
			shellScript = "\"${SRCROOT}/Pods/Target Support Files/Pods-XMPP-Messenger-iOS/Pods-XMPP-Messenger-iOS-resources.sh\"\n";
			showEnvVarsInLog = 0;
		};
/* End PBXShellScriptBuildPhase section */

/* Begin PBXSourcesBuildPhase section */
		DA6B54011B9F15B1006E84AF /* Sources */ = {
			isa = PBXSourcesBuildPhase;
			buildActionMask = 2147483647;
			files = (
				DA6B542C1B9F17B4006E84AF /* OpenChatsTableViewController.swift in Sources */,
				677E74471E5CDDA2005C4310 /* OnePresence.swift in Sources */,
				DA6B54241B9F17B4006E84AF /* ChatViewController.swift in Sources */,
				677E74481E5CDDA2005C4310 /* OneRoom.swift in Sources */,
				DA6B542F1B9F17CF006E84AF /* ContactListTableViewController.swift in Sources */,
				DA6B54091B9F15B1006E84AF /* AppDelegate.swift in Sources */,
				677E74431E5CDDA2005C4310 /* OneChat.swift in Sources */,
				677E74421E5CDDA2005C4310 /* kXMPP.swift in Sources */,
				677E74451E5CDDA2005C4310 /* OneLastActivity.swift in Sources */,
				677E74441E5CDDA2005C4310 /* OneChats.swift in Sources */,
				677E74461E5CDDA2005C4310 /* OneMessage.swift in Sources */,
				DA6B542D1B9F17B4006E84AF /* SettingsViewController.swift in Sources */,
				677E74491E5CDDA2005C4310 /* OneRoster.swift in Sources */,
			);
			runOnlyForDeploymentPostprocessing = 0;
		};
/* End PBXSourcesBuildPhase section */

/* Begin PBXVariantGroup section */
		DA6B540C1B9F15B1006E84AF /* Main.storyboard */ = {
			isa = PBXVariantGroup;
			children = (
				DA6B540D1B9F15B1006E84AF /* Base */,
			);
			name = Main.storyboard;
			sourceTree = "<group>";
		};
/* End PBXVariantGroup section */

/* Begin XCBuildConfiguration section */
		DA6B54151B9F15B1006E84AF /* Debug */ = {
			isa = XCBuildConfiguration;
			buildSettings = {
				ALWAYS_SEARCH_USER_PATHS = NO;
				CLANG_CXX_LANGUAGE_STANDARD = "gnu++0x";
				CLANG_CXX_LIBRARY = "libc++";
				CLANG_ENABLE_MODULES = YES;
				CLANG_ENABLE_OBJC_ARC = YES;
				CLANG_WARN_BOOL_CONVERSION = YES;
				CLANG_WARN_CONSTANT_CONVERSION = YES;
				CLANG_WARN_DIRECT_OBJC_ISA_USAGE = YES_ERROR;
				CLANG_WARN_EMPTY_BODY = YES;
				CLANG_WARN_ENUM_CONVERSION = YES;
				CLANG_WARN_INFINITE_RECURSION = YES;
				CLANG_WARN_INT_CONVERSION = YES;
				CLANG_WARN_OBJC_ROOT_CLASS = YES_ERROR;
				CLANG_WARN_SUSPICIOUS_MOVE = YES;
				CLANG_WARN_UNREACHABLE_CODE = YES;
				CLANG_WARN__DUPLICATE_METHOD_MATCH = YES;
				"CODE_SIGN_IDENTITY[sdk=iphoneos*]" = "iPhone Developer";
				COPY_PHASE_STRIP = NO;
				DEBUG_INFORMATION_FORMAT = dwarf;
				ENABLE_STRICT_OBJC_MSGSEND = YES;
				ENABLE_TESTABILITY = YES;
				GCC_C_LANGUAGE_STANDARD = gnu99;
				GCC_DYNAMIC_NO_PIC = NO;
				GCC_NO_COMMON_BLOCKS = YES;
				GCC_OPTIMIZATION_LEVEL = 0;
				GCC_PREPROCESSOR_DEFINITIONS = (
					"DEBUG=1",
					"$(inherited)",
				);
				GCC_WARN_64_TO_32_BIT_CONVERSION = YES;
				GCC_WARN_ABOUT_RETURN_TYPE = YES_ERROR;
				GCC_WARN_UNDECLARED_SELECTOR = YES;
				GCC_WARN_UNINITIALIZED_AUTOS = YES_AGGRESSIVE;
				GCC_WARN_UNUSED_FUNCTION = YES;
				GCC_WARN_UNUSED_VARIABLE = YES;
				IPHONEOS_DEPLOYMENT_TARGET = 9.0;
				MTL_ENABLE_DEBUG_INFO = YES;
				ONLY_ACTIVE_ARCH = YES;
				SDKROOT = iphoneos;
				SWIFT_OBJC_BRIDGING_HEADER = "";
				SWIFT_OPTIMIZATION_LEVEL = "-Onone";
				TARGETED_DEVICE_FAMILY = "1,2";
			};
			name = Debug;
		};
		DA6B54161B9F15B1006E84AF /* Release */ = {
			isa = XCBuildConfiguration;
			buildSettings = {
				ALWAYS_SEARCH_USER_PATHS = NO;
				CLANG_CXX_LANGUAGE_STANDARD = "gnu++0x";
				CLANG_CXX_LIBRARY = "libc++";
				CLANG_ENABLE_MODULES = YES;
				CLANG_ENABLE_OBJC_ARC = YES;
				CLANG_WARN_BOOL_CONVERSION = YES;
				CLANG_WARN_CONSTANT_CONVERSION = YES;
				CLANG_WARN_DIRECT_OBJC_ISA_USAGE = YES_ERROR;
				CLANG_WARN_EMPTY_BODY = YES;
				CLANG_WARN_ENUM_CONVERSION = YES;
				CLANG_WARN_INFINITE_RECURSION = YES;
				CLANG_WARN_INT_CONVERSION = YES;
				CLANG_WARN_OBJC_ROOT_CLASS = YES_ERROR;
				CLANG_WARN_SUSPICIOUS_MOVE = YES;
				CLANG_WARN_UNREACHABLE_CODE = YES;
				CLANG_WARN__DUPLICATE_METHOD_MATCH = YES;
				"CODE_SIGN_IDENTITY[sdk=iphoneos*]" = "iPhone Developer";
				COPY_PHASE_STRIP = NO;
				DEBUG_INFORMATION_FORMAT = "dwarf-with-dsym";
				ENABLE_NS_ASSERTIONS = NO;
				ENABLE_STRICT_OBJC_MSGSEND = YES;
				GCC_C_LANGUAGE_STANDARD = gnu99;
				GCC_NO_COMMON_BLOCKS = YES;
				GCC_WARN_64_TO_32_BIT_CONVERSION = YES;
				GCC_WARN_ABOUT_RETURN_TYPE = YES_ERROR;
				GCC_WARN_UNDECLARED_SELECTOR = YES;
				GCC_WARN_UNINITIALIZED_AUTOS = YES_AGGRESSIVE;
				GCC_WARN_UNUSED_FUNCTION = YES;
				GCC_WARN_UNUSED_VARIABLE = YES;
				IPHONEOS_DEPLOYMENT_TARGET = 9.0;
				MTL_ENABLE_DEBUG_INFO = NO;
				SDKROOT = iphoneos;
				SWIFT_OBJC_BRIDGING_HEADER = "";
				SWIFT_OPTIMIZATION_LEVEL = "-Owholemodule";
				TARGETED_DEVICE_FAMILY = "1,2";
				VALIDATE_PRODUCT = YES;
			};
			name = Release;
		};
		DA6B54181B9F15B1006E84AF /* Debug */ = {
			isa = XCBuildConfiguration;
			baseConfigurationReference = 54D1DCEAFDABC53B3FE886B8 /* Pods-XMPP-Messenger-iOS.debug.xcconfig */;
			buildSettings = {
				ASSETCATALOG_COMPILER_APPICON_NAME = AppIcon;
				CODE_SIGN_IDENTITY = "iPhone Developer";
				"CODE_SIGN_IDENTITY[sdk=iphoneos*]" = "iPhone Developer";
				DEVELOPMENT_TEAM = BJ8T457226;
				INFOPLIST_FILE = "XMPP-Messenger-iOS/Info.plist";
				LD_RUNPATH_SEARCH_PATHS = "$(inherited) @executable_path/Frameworks";
				PRODUCT_BUNDLE_IDENTIFIER = "ONE.XMPP-Messenger-iOS";
				PRODUCT_NAME = "$(TARGET_NAME)";
				PROVISIONING_PROFILE = "";
				SWIFT_OBJC_BRIDGING_HEADER = "";
				SWIFT_VERSION = 3.0;
			};
			name = Debug;
		};
		DA6B54191B9F15B1006E84AF /* Release */ = {
			isa = XCBuildConfiguration;
			baseConfigurationReference = 8906A7C45AD50C7CABD43C97 /* Pods-XMPP-Messenger-iOS.release.xcconfig */;
			buildSettings = {
				ASSETCATALOG_COMPILER_APPICON_NAME = AppIcon;
				CODE_SIGN_IDENTITY = "iPhone Developer";
				"CODE_SIGN_IDENTITY[sdk=iphoneos*]" = "iPhone Developer";
				DEVELOPMENT_TEAM = BJ8T457226;
				INFOPLIST_FILE = "XMPP-Messenger-iOS/Info.plist";
				LD_RUNPATH_SEARCH_PATHS = "$(inherited) @executable_path/Frameworks";
				PRODUCT_BUNDLE_IDENTIFIER = "ONE.XMPP-Messenger-iOS";
				PRODUCT_NAME = "$(TARGET_NAME)";
				PROVISIONING_PROFILE = "";
				SWIFT_OBJC_BRIDGING_HEADER = "";
				SWIFT_VERSION = 3.0;
			};
			name = Release;
		};
/* End XCBuildConfiguration section */

/* Begin XCConfigurationList section */
		DA6B54001B9F15B1006E84AF /* Build configuration list for PBXProject "xmpp-messenger-ios" */ = {
			isa = XCConfigurationList;
			buildConfigurations = (
				DA6B54151B9F15B1006E84AF /* Debug */,
				DA6B54161B9F15B1006E84AF /* Release */,
			);
			defaultConfigurationIsVisible = 0;
			defaultConfigurationName = Release;
		};
		DA6B54171B9F15B1006E84AF /* Build configuration list for PBXNativeTarget "XMPP-Messenger-iOS" */ = {
			isa = XCConfigurationList;
			buildConfigurations = (
				DA6B54181B9F15B1006E84AF /* Debug */,
				DA6B54191B9F15B1006E84AF /* Release */,
			);
			defaultConfigurationIsVisible = 0;
			defaultConfigurationName = Release;
		};
/* End XCConfigurationList section */
	};
	rootObject = DA6B53FD1B9F15B1006E84AF /* Project object */;
}
